
Microsoft Visual Studio Solution File, Format Version 12.00
# Visual Studio Version 17
VisualStudioVersion = 17.4.33110.190
MinimumVisualStudioVersion = 10.0.40219.1
Project("{9A19103F-16F7-4668-BE54-9A1E7A4F7556}") = "01-wasm-hello", "01-wasm-hello.csproj", "{584CF2FA-A8DE-4D6F-BA79-AB09304F4F7E}"
EndProject
Global
	GlobalSection(SolutionConfigurationPlatforms) = preSolution
		Debug|Any CPU = Debug|Any CPU
		Release|Any CPU = Release|Any CPU
	EndGlobalSection
	GlobalSection(ProjectConfigurationPlatforms) = postSolution
		{584CF2FA-A8DE-4D6F-BA79-AB09304F4F7E}.Debug|Any CPU.ActiveCfg = Debug|Any CPU
		{584CF2FA-A8DE-4D6F-BA79-AB09304F4F7E}.Debug|Any CPU.Build.0 = Debug|Any CPU
		{584CF2FA-A8DE-4D6F-BA79-AB09304F4F7E}.Release|Any CPU.ActiveCfg = Release|Any CPU
		{584CF2FA-A8DE-4D6F-BA79-AB09304F4F7E}.Release|Any CPU.Build.0 = Release|Any CPU
	EndGlobalSection
	GlobalSection(SolutionProperties) = preSolution
		HideSolutionNode = FALSE
	EndGlobalSection
	GlobalSection(ExtensibilityGlobals) = postSolution
		SolutionGuid = {CA7BEAE3-BE76-4EFD-AECA-30A089D16E89}
	EndGlobalSection
EndGlobal
